
Microsoft Visual Studio Solution File, Format Version 12.00
# Visual Studio Version 17
VisualStudioVersion = 17.11.35312.102
MinimumVisualStudioVersion = 10.0.40219.1
Project("{9A19103F-16F7-4668-BE54-9A1E7A4F7556}") = "MSADBMigrations", "MSADBMigrations\MSADBMigrations.csproj", "{0CF3DC42-6295-469B-AAA2-555A9968D44A}"
EndProject
Project("{2150E333-8FDC-42A3-9474-1A3956D46DE8}") = "Core", "Core", "{D3679996-2BA6-4ADC-B3C9-3269925504BA}"
EndProject
Project("{2150E333-8FDC-42A3-9474-1A3956D46DE8}") = "Solution Items", "Solution Items", "{D2B6B03B-4002-4A03-A19F-997801148EA5}"
	ProjectSection(SolutionItems) = preProject
		Directory.Build.props = Directory.Build.props
		version.props = version.props
	EndProjectSection
EndProject
Global
	GlobalSection(SolutionConfigurationPlatforms) = preSolution
		Debug|Any CPU = Debug|Any CPU
		Release|Any CPU = Release|Any CPU
	EndGlobalSection
	GlobalSection(ProjectConfigurationPlatforms) = postSolution
		{0CF3DC42-6295-469B-AAA2-555A9968D44A}.Debug|Any CPU.ActiveCfg = Debug|Any CPU
		{0CF3DC42-6295-469B-AAA2-555A9968D44A}.Debug|Any CPU.Build.0 = Debug|Any CPU
		{0CF3DC42-6295-469B-AAA2-555A9968D44A}.Release|Any CPU.ActiveCfg = Release|Any CPU
		{0CF3DC42-6295-469B-AAA2-555A9968D44A}.Release|Any CPU.Build.0 = Release|Any CPU
	EndGlobalSection
	GlobalSection(SolutionProperties) = preSolution
		HideSolutionNode = FALSE
	EndGlobalSection
	GlobalSection(NestedProjects) = preSolution
		{0CF3DC42-6295-469B-AAA2-555A9968D44A} = {D3679996-2BA6-4ADC-B3C9-3269925504BA}
	EndGlobalSection
	GlobalSection(ExtensibilityGlobals) = postSolution
		SolutionGuid = {0BCBCD69-2F94-4648-A90B-5AE7295F24A3}
	EndGlobalSection
EndGlobal
